
Microsoft Visual Studio Solution File, Format Version 12.00
# Visual Studio Version 17
VisualStudioVersion = 17.11.35327.3
MinimumVisualStudioVersion = 10.0.40219.1
Project("{9A19103F-16F7-4668-BE54-9A1E7A4F7556}") = "PetStore", "PetStore.csproj", "{87408AE7-3C1E-439E-B7F8-3C7099A432FC}"
EndProject
Project("{FAE04EC0-301F-11D3-BF4B-00C04F79EFBC}") = "PetStore.Data", "..\PetStore.Data\PetStore.Data.csproj", "{17081A96-CBF6-434D-B464-AAC831388861}"
EndProject
Global
	GlobalSection(SolutionConfigurationPlatforms) = preSolution
		Debug|Any CPU = Debug|Any CPU
		Release|Any CPU = Release|Any CPU
	EndGlobalSection
	GlobalSection(ProjectConfigurationPlatforms) = postSolution
		{87408AE7-3C1E-439E-B7F8-3C7099A432FC}.Debug|Any CPU.ActiveCfg = Debug|Any CPU
		{87408AE7-3C1E-439E-B7F8-3C7099A432FC}.Debug|Any CPU.Build.0 = Debug|Any CPU
		{87408AE7-3C1E-439E-B7F8-3C7099A432FC}.Release|Any CPU.ActiveCfg = Release|Any CPU
		{87408AE7-3C1E-439E-B7F8-3C7099A432FC}.Release|Any CPU.Build.0 = Release|Any CPU
		{17081A96-CBF6-434D-B464-AAC831388861}.Debug|Any CPU.ActiveCfg = Debug|Any CPU
		{17081A96-CBF6-434D-B464-AAC831388861}.Debug|Any CPU.Build.0 = Debug|Any CPU
		{17081A96-CBF6-434D-B464-AAC831388861}.Release|Any CPU.ActiveCfg = Release|Any CPU
		{17081A96-CBF6-434D-B464-AAC831388861}.Release|Any CPU.Build.0 = Release|Any CPU
	EndGlobalSection
	GlobalSection(SolutionProperties) = preSolution
		HideSolutionNode = FALSE
	EndGlobalSection
	GlobalSection(ExtensibilityGlobals) = postSolution
		SolutionGuid = {1F88056D-75DF-44CD-8A55-961B9336E2C5}
	EndGlobalSection
EndGlobal
